// !$*UTF8*$!
{
	archiveVersion = 1;
	classes = {
	};
	objectVersion = 46;
	objects = {

/* Begin PBXBuildFile section */
		FA39F1721E9CF260005BB87E /* MyStaticLib.m in Sources */ = {isa = PBXBuildFile; fileRef = FA39F1711E9CF260005BB87E /* MyStaticLib.m */; };
		FA39F1731E9CF260005BB87E /* MyStaticLib.h in CopyFiles */ = {isa = PBXBuildFile; fileRef = FA39F1701E9CF260005BB87E /* MyStaticLib.h */; };
/* End PBXBuildFile section */

/* Begin PBXCopyFilesBuildPhase section */
		FA39F16B1E9CF260005BB87E /* CopyFiles */ = {
			isa = PBXCopyFilesBuildPhase;
			buildActionMask = 2147483647;
			dstPath = "include/$(PRODUCT_NAME)";
			dstSubfolderSpec = 16;
			files = (
				FA39F1731E9CF260005BB87E /* MyStaticLib.h in CopyFiles */,
			);
			runOnlyForDeploymentPostprocessing = 0;
		};
/* End PBXCopyFilesBuildPhase section */

/* Begin PBXFileReference section */
		FA39F16D1E9CF260005BB87E /* libMyStaticLib.a */ = {isa = PBXFileReference; explicitFileType = archive.ar; includeInIndex = 0; path = libMyStaticLib.a; sourceTree = BUILT_PRODUCTS_DIR; };
		FA39F1701E9CF260005BB87E /* MyStaticLib.h */ = {isa = PBXFileReference; lastKnownFileType = sourcecode.c.h; path = MyStaticLib.h; sourceTree = "<group>"; };
		FA39F1711E9CF260005BB87E /* MyStaticLib.m */ = {isa = PBXFileReference; lastKnownFileType = sourcecode.c.objc; path = MyStaticLib.m; sourceTree = "<group>"; };
/* End PBXFileReference section */

/* Begin PBXFrameworksBuildPhase section */
		FA39F16A1E9CF260005BB87E /* Frameworks */ = {
			isa = PBXFrameworksBuildPhase;
			buildActionMask = 2147483647;
			files = (
			);
			runOnlyForDeploymentPostprocessing = 0;
		};
/* End PBXFrameworksBuildPhase section */

/* Begin PBXGroup section */
		FA39F1641E9CF260005BB87E = {
			isa = PBXGroup;
			children = (
				FA39F16F1E9CF260005BB87E /* MyStaticLib */,
				FA39F16E1E9CF260005BB87E /* Products */,
			);
			sourceTree = "<group>";
		};
		FA39F16E1E9CF260005BB87E /* Products */ = {
			isa = PBXGroup;
			children = (
				FA39F16D1E9CF260005BB87E /* libMyStaticLib.a */,
			);
			name = Products;
			sourceTree = "<group>";
		};
		FA39F16F1E9CF260005BB87E /* MyStaticLib */ = {
			isa = PBXGroup;
			children = (
				FA39F1701E9CF260005BB87E /* MyStaticLib.h */,
				FA39F1711E9CF260005BB87E /* MyStaticLib.m */,
			);
			path = MyStaticLib;
			sourceTree = "<group>";
		};
/* End PBXGroup section */

/* Begin PBXNativeTarget section */
		FA39F16C1E9CF260005BB87E /* MyStaticLib */ = {
			isa = PBXNativeTarget;
			buildConfigurationList = FA39F1761E9CF260005BB87E /* Build configuration list for PBXNativeTarget "MyStaticLib" */;
			buildPhases = (
				FA39F1691E9CF260005BB87E /* Sources */,
				FA39F16A1E9CF260005BB87E /* Frameworks */,
				FA39F16B1E9CF260005BB87E /* CopyFiles */,
			);
			buildRules = (
			);
			dependencies = (
			);
			name = MyStaticLib;
			productName = MyStaticLib;
			productReference = FA39F16D1E9CF260005BB87E /* libMyStaticLib.a */;
			productType = "com.apple.product-type.library.static";
		};
/* End PBXNativeTarget section */

/* Begin PBXProject section */
		FA39F1651E9CF260005BB87E /* Project object */ = {
			isa = PBXProject;
			attributes = {
				LastUpgradeCheck = 0820;
				ORGANIZATIONNAME = chegg;
				TargetAttributes = {
					FA39F16C1E9CF260005BB87E = {
						CreatedOnToolsVersion = 8.2.1;
						DevelopmentTeam = J9D9P87HCD;
						ProvisioningStyle = Automatic;
					};
				};
			};
			buildConfigurationList = FA39F1681E9CF260005BB87E /* Build configuration list for PBXProject "MyStaticLib" */;
			compatibilityVersion = "Xcode 3.2";
			developmentRegion = English;
			hasScannedForEncodings = 0;
			knownRegions = (
				en,
			);
			mainGroup = FA39F1641E9CF260005BB87E;
			productRefGroup = FA39F16E1E9CF260005BB87E /* Products */;
			projectDirPath = "";
			projectRoot = "";
			targets = (
				FA39F16C1E9CF260005BB87E /* MyStaticLib */,
			);
		};
/* End PBXProject section */

/* Begin PBXSourcesBuildPhase section */
		FA39F1691E9CF260005BB87E /* Sources */ = {
			isa = PBXSourcesBuildPhase;
			buildActionMask = 2147483647;
			files = (
				FA39F1721E9CF260005BB87E /* MyStaticLib.m in Sources */,
			);
			runOnlyForDeploymentPostprocessing = 0;
		};
/* End PBXSourcesBuildPhase section */

/* Begin XCBuildConfiguration section */
		FA39F1741E9CF260005BB87E /* Debug */ = {
			isa = XCBuildConfiguration;
			buildSettings = {
				ALWAYS_SEARCH_USER_PATHS = NO;
				CLANG_ANALYZER_NONNULL = YES;
				CLANG_CXX_LANGUAGE_STANDARD = "gnu++0x";
				CLANG_CXX_LIBRARY = "libc++";
				CLANG_ENABLE_MODULES = YES;
				CLANG_ENABLE_OBJC_ARC = YES;
				CLANG_WARN_BOOL_CONVERSION = YES;
				CLANG_WARN_CONSTANT_CONVERSION = YES;
				CLANG_WARN_DIRECT_OBJC_ISA_USAGE = YES_ERROR;
				CLANG_WARN_DOCUMENTATION_COMMENTS = YES;
				CLANG_WARN_EMPTY_BODY = YES;
				CLANG_WARN_ENUM_CONVERSION = YES;
				CLANG_WARN_INFINITE_RECURSION = YES;
				CLANG_WARN_INT_CONVERSION = YES;
				CLANG_WARN_OBJC_ROOT_CLASS = YES_ERROR;
				CLANG_WARN_SUSPICIOUS_MOVE = YES;
				CLANG_WARN_UNREACHABLE_CODE = YES;
				CLANG_WARN__DUPLICATE_METHOD_MATCH = YES;
				"CODE_SIGN_IDENTITY[sdk=iphoneos*]" = "iPhone Developer";
				COPY_PHASE_STRIP = NO;
				DEBUG_INFORMATION_FORMAT = dwarf;
				ENABLE_STRICT_OBJC_MSGSEND = YES;
				ENABLE_TESTABILITY = YES;
				GCC_C_LANGUAGE_STANDARD = gnu99;
				GCC_DYNAMIC_NO_PIC = NO;
				GCC_NO_COMMON_BLOCKS = YES;
				GCC_OPTIMIZATION_LEVEL = 0;
				GCC_PREPROCESSOR_DEFINITIONS = (
					"DEBUG=1",
					"$(inherited)",
				);
				GCC_WARN_64_TO_32_BIT_CONVERSION = YES;
				GCC_WARN_ABOUT_RETURN_TYPE = YES_ERROR;
				GCC_WARN_UNDECLARED_SELECTOR = YES;
				GCC_WARN_UNINITIALIZED_AUTOS = YES_AGGRESSIVE;
				GCC_WARN_UNUSED_FUNCTION = YES;
				GCC_WARN_UNUSED_VARIABLE = YES;
				IPHONEOS_DEPLOYMENT_TARGET = 10.2;
				MTL_ENABLE_DEBUG_INFO = YES;
				ONLY_ACTIVE_ARCH = YES;
				SDKROOT = iphoneos;
			};
			name = Debug;
		};
		FA39F1751E9CF260005BB87E /* Release */ = {
			isa = XCBuildConfiguration;
			buildSettings = {
				ALWAYS_SEARCH_USER_PATHS = NO;
				CLANG_ANALYZER_NONNULL = YES;
				CLANG_CXX_LANGUAGE_STANDARD = "gnu++0x";
				CLANG_CXX_LIBRARY = "libc++";
				CLANG_ENABLE_MODULES = YES;
				CLANG_ENABLE_OBJC_ARC = YES;
				CLANG_WARN_BOOL_CONVERSION = YES;
				CLANG_WARN_CONSTANT_CONVERSION = YES;
				CLANG_WARN_DIRECT_OBJC_ISA_USAGE = YES_ERROR;
				CLANG_WARN_DOCUMENTATION_COMMENTS = YES;
				CLANG_WARN_EMPTY_BODY = YES;
				CLANG_WARN_ENUM_CONVERSION = YES;
				CLANG_WARN_INFINITE_RECURSION = YES;
				CLANG_WARN_INT_CONVERSION = YES;
				CLANG_WARN_OBJC_ROOT_CLASS = YES_ERROR;
				CLANG_WARN_SUSPICIOUS_MOVE = YES;
				CLANG_WARN_UNREACHABLE_CODE = YES;
				CLANG_WARN__DUPLICATE_METHOD_MATCH = YES;
				"CODE_SIGN_IDENTITY[sdk=iphoneos*]" = "iPhone Developer";
				COPY_PHASE_STRIP = NO;
				DEBUG_INFORMATION_FORMAT = "dwarf-with-dsym";
				ENABLE_NS_ASSERTIONS = NO;
				ENABLE_STRICT_OBJC_MSGSEND = YES;
				GCC_C_LANGUAGE_STANDARD = gnu99;
				GCC_NO_COMMON_BLOCKS = YES;
				GCC_WARN_64_TO_32_BIT_CONVERSION = YES;
				GCC_WARN_ABOUT_RETURN_TYPE = YES_ERROR;
				GCC_WARN_UNDECLARED_SELECTOR = YES;
				GCC_WARN_UNINITIALIZED_AUTOS = YES_AGGRESSIVE;
				GCC_WARN_UNUSED_FUNCTION = YES;
				GCC_WARN_UNUSED_VARIABLE = YES;
				IPHONEOS_DEPLOYMENT_TARGET = 10.2;
				MTL_ENABLE_DEBUG_INFO = NO;
				SDKROOT = iphoneos;
				VALIDATE_PRODUCT = YES;
			};
			name = Release;
		};
		FA39F1771E9CF260005BB87E /* Debug */ = {
			isa = XCBuildConfiguration;
			buildSettings = {
				DEVELOPMENT_TEAM = J9D9P87HCD;
				FRAMEWORK_SEARCH_PATHS = "${PROJECT_DIR}/../Pods/**";
				HEADER_SEARCH_PATHS = "${PROJECT_DIR}/../Pods/**";
				OTHER_LDFLAGS = "-ObjC";
				PRODUCT_NAME = "$(TARGET_NAME)";
				SKIP_INSTALL = YES;
			};
			name = Debug;
		};
		FA39F1781E9CF260005BB87E /* Release */ = {
			isa = XCBuildConfiguration;
			buildSettings = {
				DEVELOPMENT_TEAM = J9D9P87HCD;
				FRAMEWORK_SEARCH_PATHS = "${PROJECT_DIR}/../Pods/**";
				HEADER_SEARCH_PATHS = "${PROJECT_DIR}/../Pods/**";
				OTHER_LDFLAGS = "-ObjC";
				PRODUCT_NAME = "$(TARGET_NAME)";
				SKIP_INSTALL = YES;
			};
			name = Release;
		};
/* End XCBuildConfiguration section */

/* Begin XCConfigurationList section */
		FA39F1681E9CF260005BB87E /* Build configuration list for PBXProject "MyStaticLib" */ = {
			isa = XCConfigurationList;
			buildConfigurations = (
				FA39F1741E9CF260005BB87E /* Debug */,
				FA39F1751E9CF260005BB87E /* Release */,
			);
			defaultConfigurationIsVisible = 0;
			defaultConfigurationName = Release;
		};
		FA39F1761E9CF260005BB87E /* Build configuration list for PBXNativeTarget "MyStaticLib" */ = {
			isa = XCConfigurationList;
			buildConfigurations = (
				FA39F1771E9CF260005BB87E /* Debug */,
				FA39F1781E9CF260005BB87E /* Release */,
			);
			defaultConfigurationIsVisible = 0;
		};
/* End XCConfigurationList section */
	};
	rootObject = FA39F1651E9CF260005BB87E /* Project object */;
}
